
Microsoft Visual Studio Solution File, Format Version 12.00
# Visual Studio 15
VisualStudioVersion = 15.0.28010.2016
MinimumVisualStudioVersion = 10.0.40219.1
Project("{8BC9CEB8-8B4A-11D0-8D11-00A0C91BC942}") = "Mt3620DiningPhilosophers", "Mt3620DiningPhilosophers\Mt3620DiningPhilosophers.vcxproj", "{43BDB20D-FBB4-446B-8B97-C0CDC616D986}"
EndProject
Project("{2150E333-8FDC-42A3-9474-1A3956D46DE8}") = "media", "media", "{E393586B-3693-40E9-9C12-249950DB7623}"
	ProjectSection(SolutionItems) = preProject
		media\output.PNG = media\output.PNG
	EndProjectSection
EndProject
Global
	GlobalSection(SolutionConfigurationPlatforms) = preSolution
		Debug|ARM = Debug|ARM
		Release|ARM = Release|ARM
	EndGlobalSection
	GlobalSection(ProjectConfigurationPlatforms) = postSolution
		{43BDB20D-FBB4-446B-8B97-C0CDC616D986}.Debug|ARM.ActiveCfg = Debug|ARM
		{43BDB20D-FBB4-446B-8B97-C0CDC616D986}.Debug|ARM.Build.0 = Debug|ARM
		{43BDB20D-FBB4-446B-8B97-C0CDC616D986}.Release|ARM.ActiveCfg = Release|ARM
		{43BDB20D-FBB4-446B-8B97-C0CDC616D986}.Release|ARM.Build.0 = Release|ARM
	EndGlobalSection
	GlobalSection(SolutionProperties) = preSolution
		HideSolutionNode = FALSE
	EndGlobalSection
	GlobalSection(ExtensibilityGlobals) = postSolution
		SolutionGuid = {564BEA68-A950-4107-ACA8-AAA43F7BDFB9}
	EndGlobalSection
EndGlobal
